
Microsoft Visual Studio Solution File, Format Version 12.00
# Visual Studio Version 17
VisualStudioVersion = 17.3.32901.215
MinimumVisualStudioVersion = 10.0.40219.1
Project("{FAE04EC0-301F-11D3-BF4B-00C04F79EFBC}") = "ServerMain", "ServerMain\ServerMain.csproj", "{8473500F-C4CA-4CE5-867B-632C91307C26}"
EndProject
Global
	GlobalSection(SolutionConfigurationPlatforms) = preSolution
		Debug|Any CPU = Debug|Any CPU
		Release|Any CPU = Release|Any CPU
	EndGlobalSection
	GlobalSection(ProjectConfigurationPlatforms) = postSolution
		{8473500F-C4CA-4CE5-867B-632C91307C26}.Debug|Any CPU.ActiveCfg = Debug|Any CPU
		{8473500F-C4CA-4CE5-867B-632C91307C26}.Debug|Any CPU.Build.0 = Debug|Any CPU
		{8473500F-C4CA-4CE5-867B-632C91307C26}.Release|Any CPU.ActiveCfg = Release|Any CPU
		{8473500F-C4CA-4CE5-867B-632C91307C26}.Release|Any CPU.Build.0 = Release|Any CPU
	EndGlobalSection
	GlobalSection(SolutionProperties) = preSolution
		HideSolutionNode = FALSE
	EndGlobalSection
	GlobalSection(ExtensibilityGlobals) = postSolution
		SolutionGuid = {EA038767-96E9-4E12-B28E-349BF37AD32A}
	EndGlobalSection
EndGlobal
