
Microsoft Visual Studio Solution File, Format Version 12.00
# Visual Studio Version 17
VisualStudioVersion = 17.3.32819.101
MinimumVisualStudioVersion = 10.0.40219.1
Project("{9A19103F-16F7-4668-BE54-9A1E7A4F7556}") = "Canvas_module", "Canvas_module\Canvas_module.csproj", "{8E279DA8-C3C6-408F-A3AD-0436DEF57032}"
EndProject
Project("{FAE04EC0-301F-11D3-BF4B-00C04F79EFBC}") = "test_Form", "test_Form\test_Form.csproj", "{22094A3F-12C5-4091-830C-CD523C5987C3}"
EndProject
Global
	GlobalSection(SolutionConfigurationPlatforms) = preSolution
		Debug|Any CPU = Debug|Any CPU
		Release|Any CPU = Release|Any CPU
	EndGlobalSection
	GlobalSection(ProjectConfigurationPlatforms) = postSolution
		{8E279DA8-C3C6-408F-A3AD-0436DEF57032}.Debug|Any CPU.ActiveCfg = Debug|Any CPU
		{8E279DA8-C3C6-408F-A3AD-0436DEF57032}.Debug|Any CPU.Build.0 = Debug|Any CPU
		{8E279DA8-C3C6-408F-A3AD-0436DEF57032}.Release|Any CPU.ActiveCfg = Release|Any CPU
		{8E279DA8-C3C6-408F-A3AD-0436DEF57032}.Release|Any CPU.Build.0 = Release|Any CPU
		{22094A3F-12C5-4091-830C-CD523C5987C3}.Debug|Any CPU.ActiveCfg = Debug|Any CPU
		{22094A3F-12C5-4091-830C-CD523C5987C3}.Debug|Any CPU.Build.0 = Debug|Any CPU
		{22094A3F-12C5-4091-830C-CD523C5987C3}.Release|Any CPU.ActiveCfg = Release|Any CPU
		{22094A3F-12C5-4091-830C-CD523C5987C3}.Release|Any CPU.Build.0 = Release|Any CPU
	EndGlobalSection
	GlobalSection(SolutionProperties) = preSolution
		HideSolutionNode = FALSE
	EndGlobalSection
	GlobalSection(ExtensibilityGlobals) = postSolution
		SolutionGuid = {B2762AE7-4B84-44BF-BB58-1299A84EBA0C}
	EndGlobalSection
EndGlobal
